
Microsoft Visual Studio Solution File, Format Version 12.00
# Visual Studio Version 16
VisualStudioVersion = 16.0.33130.400
MinimumVisualStudioVersion = 10.0.40219.1
Project("{FAE04EC0-301F-11D3-BF4B-00C04F79EFBC}") = "CsharpPlayground", "CsharpPlayground.csproj", "{085B2F00-4067-4DE3-8047-64A45B0B1789}"
EndProject
Global
	GlobalSection(SolutionConfigurationPlatforms) = preSolution
		Debug|Any CPU = Debug|Any CPU
		Release|Any CPU = Release|Any CPU
	EndGlobalSection
	GlobalSection(ProjectConfigurationPlatforms) = postSolution
		{085B2F00-4067-4DE3-8047-64A45B0B1789}.Debug|Any CPU.ActiveCfg = Debug|Any CPU
		{085B2F00-4067-4DE3-8047-64A45B0B1789}.Debug|Any CPU.Build.0 = Debug|Any CPU
		{085B2F00-4067-4DE3-8047-64A45B0B1789}.Release|Any CPU.ActiveCfg = Release|Any CPU
		{085B2F00-4067-4DE3-8047-64A45B0B1789}.Release|Any CPU.Build.0 = Release|Any CPU
	EndGlobalSection
	GlobalSection(SolutionProperties) = preSolution
		HideSolutionNode = FALSE
	EndGlobalSection
	GlobalSection(ExtensibilityGlobals) = postSolution
		SolutionGuid = {55855367-34F8-4528-979F-168A18980277}
	EndGlobalSection
EndGlobal
