
Microsoft Visual Studio Solution File, Format Version 12.00
# Visual Studio Version 16
VisualStudioVersion = 16.0.33130.400
MinimumVisualStudioVersion = 10.0.40219.1
Project("{FAE04EC0-301F-11D3-BF4B-00C04F79EFBC}") = "inheritance", "inheritance.csproj", "{F9CFF6B1-023D-4E7D-BA70-E699AFACCB6F}"
EndProject
Global
	GlobalSection(SolutionConfigurationPlatforms) = preSolution
		Debug|Any CPU = Debug|Any CPU
		Release|Any CPU = Release|Any CPU
	EndGlobalSection
	GlobalSection(ProjectConfigurationPlatforms) = postSolution
		{F9CFF6B1-023D-4E7D-BA70-E699AFACCB6F}.Debug|Any CPU.ActiveCfg = Debug|Any CPU
		{F9CFF6B1-023D-4E7D-BA70-E699AFACCB6F}.Debug|Any CPU.Build.0 = Debug|Any CPU
		{F9CFF6B1-023D-4E7D-BA70-E699AFACCB6F}.Release|Any CPU.ActiveCfg = Release|Any CPU
		{F9CFF6B1-023D-4E7D-BA70-E699AFACCB6F}.Release|Any CPU.Build.0 = Release|Any CPU
	EndGlobalSection
	GlobalSection(SolutionProperties) = preSolution
		HideSolutionNode = FALSE
	EndGlobalSection
	GlobalSection(ExtensibilityGlobals) = postSolution
		SolutionGuid = {23161CF4-0CC4-46E0-ACFA-6AB2E74D56F9}
	EndGlobalSection
EndGlobal
